{
  "pins" : [
    {
      "identity" : "codescanner",
      "kind" : "remoteSourceControl",
      "location" : "https://github.com/twostraws/CodeScanner",
      "state" : {
        "revision" : "8a9ce909a4ea502d4a2ccf327ae8c16b7e48e740",
        "version" : "1.1.0"
      }
    },
    {
      "identity" : "visioncam",
      "kind" : "remoteSourceControl",
      "location" : "https://github.com/stevewight/VisionCam",
      "state" : {
        "revision" : "d889f7910a29ac71f58a0f06e933e55a45e695b5",
        "version" : "0.0.2"
      }
    }
  ],
  "version" : 2
}
