// !$*UTF8*$!
{
	archiveVersion = 1;
	classes = {
	};
	objectVersion = 52;
	objects = {

/* Begin PBXBuildFile section */
		55268E09255F22E8002A1240 /* 下拉2.mp3 in Resources */ = {isa = PBXBuildFile; fileRef = 55268E08255F22E8002A1240 /* 下拉2.mp3 */; };
		55268E1F255F711F002A1240 /* CodeScanner in Frameworks */ = {isa = PBXBuildFile; productRef = 55268E1E255F711F002A1240 /* CodeScanner */; };
		5534F2ED255EB9F400CE0350 /* AppDelegate.swift in Sources */ = {isa = PBXBuildFile; fileRef = 5534F2EC255EB9F400CE0350 /* AppDelegate.swift */; };
		5534F2EF255EB9F400CE0350 /* SceneDelegate.swift in Sources */ = {isa = PBXBuildFile; fileRef = 5534F2EE255EB9F400CE0350 /* SceneDelegate.swift */; };
		5534F2F1255EB9F400CE0350 /* ContentView.swift in Sources */ = {isa = PBXBuildFile; fileRef = 5534F2F0255EB9F400CE0350 /* ContentView.swift */; };
		5534F2F3255EB9F600CE0350 /* Assets.xcassets in Resources */ = {isa = PBXBuildFile; fileRef = 5534F2F2255EB9F600CE0350 /* Assets.xcassets */; };
		5534F2F6255EB9F600CE0350 /* Preview Assets.xcassets in Resources */ = {isa = PBXBuildFile; fileRef = 5534F2F5255EB9F600CE0350 /* Preview Assets.xcassets */; };
		5534F2F9255EB9F600CE0350 /* LaunchScreen.storyboard in Resources */ = {isa = PBXBuildFile; fileRef = 5534F2F7255EB9F600CE0350 /* LaunchScreen.storyboard */; };
		553611E1255EE69B00759F52 /* VisionCam in Frameworks */ = {isa = PBXBuildFile; productRef = 553611E0255EE69B00759F52 /* VisionCam */; };
		553611EA255F010E00759F52 /* DragGesture_test.swift in Sources */ = {isa = PBXBuildFile; fileRef = 553611E9255F010E00759F52 /* DragGesture_test.swift */; };
		555A9F09255EDEE800DEA95A /* playSound.swift in Sources */ = {isa = PBXBuildFile; fileRef = 555A9F08255EDEE800DEA95A /* playSound.swift */; };
		555A9F0C255EE07000DEA95A /* 首页.mp3 in Resources */ = {isa = PBXBuildFile; fileRef = 555A9F0B255EE07000DEA95A /* 首页.mp3 */; };
/* End PBXBuildFile section */

/* Begin PBXFileReference section */
		55268E08255F22E8002A1240 /* 下拉2.mp3 */ = {isa = PBXFileReference; lastKnownFileType = audio.mp3; path = "下拉2.mp3"; sourceTree = "<group>"; };
		5534F2E9255EB9F400CE0350 /* 寻觅.app */ = {isa = PBXFileReference; explicitFileType = wrapper.application; includeInIndex = 0; path = "寻觅.app"; sourceTree = BUILT_PRODUCTS_DIR; };
		5534F2EC255EB9F400CE0350 /* AppDelegate.swift */ = {isa = PBXFileReference; lastKnownFileType = sourcecode.swift; path = AppDelegate.swift; sourceTree = "<group>"; };
		5534F2EE255EB9F400CE0350 /* SceneDelegate.swift */ = {isa = PBXFileReference; lastKnownFileType = sourcecode.swift; path = SceneDelegate.swift; sourceTree = "<group>"; };
		5534F2F0255EB9F400CE0350 /* ContentView.swift */ = {isa = PBXFileReference; lastKnownFileType = sourcecode.swift; path = ContentView.swift; sourceTree = "<group>"; };
		5534F2F2255EB9F600CE0350 /* Assets.xcassets */ = {isa = PBXFileReference; lastKnownFileType = folder.assetcatalog; path = Assets.xcassets; sourceTree = "<group>"; };
		5534F2F5255EB9F600CE0350 /* Preview Assets.xcassets */ = {isa = PBXFileReference; lastKnownFileType = folder.assetcatalog; path = "Preview Assets.xcassets"; sourceTree = "<group>"; };
		5534F2F8255EB9F600CE0350 /* Base */ = {isa = PBXFileReference; lastKnownFileType = file.storyboard; name = Base; path = Base.lproj/LaunchScreen.storyboard; sourceTree = "<group>"; };
		5534F2FA255EB9F600CE0350 /* Info.plist */ = {isa = PBXFileReference; lastKnownFileType = text.plist.xml; path = Info.plist; sourceTree = "<group>"; };
		553611E9255F010E00759F52 /* DragGesture_test.swift */ = {isa = PBXFileReference; lastKnownFileType = sourcecode.swift; path = DragGesture_test.swift; sourceTree = "<group>"; };
		555A9F08255EDEE800DEA95A /* playSound.swift */ = {isa = PBXFileReference; lastKnownFileType = sourcecode.swift; path = playSound.swift; sourceTree = "<group>"; };
		555A9F0B255EE07000DEA95A /* 首页.mp3 */ = {isa = PBXFileReference; lastKnownFileType = audio.mp3; path = "首页.mp3"; sourceTree = "<group>"; };
/* End PBXFileReference section */

/* Begin PBXFrameworksBuildPhase section */
		5534F2E6255EB9F400CE0350 /* Frameworks */ = {
			isa = PBXFrameworksBuildPhase;
			buildActionMask = 2147483647;
			files = (
				55268E1F255F711F002A1240 /* CodeScanner in Frameworks */,
				553611E1255EE69B00759F52 /* VisionCam in Frameworks */,
			);
			runOnlyForDeploymentPostprocessing = 0;
		};
/* End PBXFrameworksBuildPhase section */

/* Begin PBXGroup section */
		5534F2E0255EB9F400CE0350 = {
			isa = PBXGroup;
			children = (
				5534F2EB255EB9F400CE0350 /* 寻觅 */,
				5534F2EA255EB9F400CE0350 /* Products */,
			);
			sourceTree = "<group>";
		};
		5534F2EA255EB9F400CE0350 /* Products */ = {
			isa = PBXGroup;
			children = (
				5534F2E9255EB9F400CE0350 /* 寻觅.app */,
			);
			name = Products;
			sourceTree = "<group>";
		};
		5534F2EB255EB9F400CE0350 /* 寻觅 */ = {
			isa = PBXGroup;
			children = (
				555A9F0B255EE07000DEA95A /* 首页.mp3 */,
				55268E08255F22E8002A1240 /* 下拉2.mp3 */,
				5534F2EC255EB9F400CE0350 /* AppDelegate.swift */,
				5534F2EE255EB9F400CE0350 /* SceneDelegate.swift */,
				5534F2F0255EB9F400CE0350 /* ContentView.swift */,
				553611E9255F010E00759F52 /* DragGesture_test.swift */,
				555A9F08255EDEE800DEA95A /* playSound.swift */,
				5534F2F2255EB9F600CE0350 /* Assets.xcassets */,
				5534F2F7255EB9F600CE0350 /* LaunchScreen.storyboard */,
				5534F2FA255EB9F600CE0350 /* Info.plist */,
				5534F2F4255EB9F600CE0350 /* Preview Content */,
			);
			path = "寻觅";
			sourceTree = "<group>";
		};
		5534F2F4255EB9F600CE0350 /* Preview Content */ = {
			isa = PBXGroup;
			children = (
				5534F2F5255EB9F600CE0350 /* Preview Assets.xcassets */,
			);
			path = "Preview Content";
			sourceTree = "<group>";
		};
/* End PBXGroup section */

/* Begin PBXNativeTarget section */
		5534F2E8255EB9F400CE0350 /* 寻觅 */ = {
			isa = PBXNativeTarget;
			buildConfigurationList = 5534F2FD255EB9F600CE0350 /* Build configuration list for PBXNativeTarget "寻觅" */;
			buildPhases = (
				5534F2E5255EB9F400CE0350 /* Sources */,
				5534F2E6255EB9F400CE0350 /* Frameworks */,
				5534F2E7255EB9F400CE0350 /* Resources */,
			);
			buildRules = (
			);
			dependencies = (
			);
			name = "寻觅";
			packageProductDependencies = (
				553611E0255EE69B00759F52 /* VisionCam */,
				55268E1E255F711F002A1240 /* CodeScanner */,
			);
			productName = "寻觅";
			productReference = 5534F2E9255EB9F400CE0350 /* 寻觅.app */;
			productType = "com.apple.product-type.application";
		};
/* End PBXNativeTarget section */

/* Begin PBXProject section */
		5534F2E1255EB9F400CE0350 /* Project object */ = {
			isa = PBXProject;
			attributes = {
				LastSwiftUpdateCheck = 1220;
				LastUpgradeCheck = 1220;
				TargetAttributes = {
					5534F2E8255EB9F400CE0350 = {
						CreatedOnToolsVersion = 12.2;
					};
				};
			};
			buildConfigurationList = 5534F2E4255EB9F400CE0350 /* Build configuration list for PBXProject "寻觅" */;
			compatibilityVersion = "Xcode 9.3";
			developmentRegion = en;
			hasScannedForEncodings = 0;
			knownRegions = (
				en,
				Base,
			);
			mainGroup = 5534F2E0255EB9F400CE0350;
			packageReferences = (
				553611DF255EE69B00759F52 /* XCRemoteSwiftPackageReference "VisionCam" */,
				55268E1D255F711F002A1240 /* XCRemoteSwiftPackageReference "CodeScanner" */,
			);
			productRefGroup = 5534F2EA255EB9F400CE0350 /* Products */;
			projectDirPath = "";
			projectRoot = "";
			targets = (
				5534F2E8255EB9F400CE0350 /* 寻觅 */,
			);
		};
/* End PBXProject section */

/* Begin PBXResourcesBuildPhase section */
		5534F2E7255EB9F400CE0350 /* Resources */ = {
			isa = PBXResourcesBuildPhase;
			buildActionMask = 2147483647;
			files = (
				5534F2F9255EB9F600CE0350 /* LaunchScreen.storyboard in Resources */,
				55268E09255F22E8002A1240 /* 下拉2.mp3 in Resources */,
				5534F2F6255EB9F600CE0350 /* Preview Assets.xcassets in Resources */,
				5534F2F3255EB9F600CE0350 /* Assets.xcassets in Resources */,
				555A9F0C255EE07000DEA95A /* 首页.mp3 in Resources */,
			);
			runOnlyForDeploymentPostprocessing = 0;
		};
/* End PBXResourcesBuildPhase section */

/* Begin PBXSourcesBuildPhase section */
		5534F2E5255EB9F400CE0350 /* Sources */ = {
			isa = PBXSourcesBuildPhase;
			buildActionMask = 2147483647;
			files = (
				553611EA255F010E00759F52 /* DragGesture_test.swift in Sources */,
				555A9F09255EDEE800DEA95A /* playSound.swift in Sources */,
				5534F2ED255EB9F400CE0350 /* AppDelegate.swift in Sources */,
				5534F2EF255EB9F400CE0350 /* SceneDelegate.swift in Sources */,
				5534F2F1255EB9F400CE0350 /* ContentView.swift in Sources */,
			);
			runOnlyForDeploymentPostprocessing = 0;
		};
/* End PBXSourcesBuildPhase section */

/* Begin PBXVariantGroup section */
		5534F2F7255EB9F600CE0350 /* LaunchScreen.storyboard */ = {
			isa = PBXVariantGroup;
			children = (
				5534F2F8255EB9F600CE0350 /* Base */,
			);
			name = LaunchScreen.storyboard;
			sourceTree = "<group>";
		};
/* End PBXVariantGroup section */

/* Begin XCBuildConfiguration section */
		5534F2FB255EB9F600CE0350 /* Debug */ = {
			isa = XCBuildConfiguration;
			buildSettings = {
				ALWAYS_SEARCH_USER_PATHS = NO;
				CLANG_ANALYZER_NONNULL = YES;
				CLANG_ANALYZER_NUMBER_OBJECT_CONVERSION = YES_AGGRESSIVE;
				CLANG_CXX_LANGUAGE_STANDARD = "gnu++14";
				CLANG_CXX_LIBRARY = "libc++";
				CLANG_ENABLE_MODULES = YES;
				CLANG_ENABLE_OBJC_ARC = YES;
				CLANG_ENABLE_OBJC_WEAK = YES;
				CLANG_WARN_BLOCK_CAPTURE_AUTORELEASING = YES;
				CLANG_WARN_BOOL_CONVERSION = YES;
				CLANG_WARN_COMMA = YES;
				CLANG_WARN_CONSTANT_CONVERSION = YES;
				CLANG_WARN_DEPRECATED_OBJC_IMPLEMENTATIONS = YES;
				CLANG_WARN_DIRECT_OBJC_ISA_USAGE = YES_ERROR;
				CLANG_WARN_DOCUMENTATION_COMMENTS = YES;
				CLANG_WARN_EMPTY_BODY = YES;
				CLANG_WARN_ENUM_CONVERSION = YES;
				CLANG_WARN_INFINITE_RECURSION = YES;
				CLANG_WARN_INT_CONVERSION = YES;
				CLANG_WARN_NON_LITERAL_NULL_CONVERSION = YES;
				CLANG_WARN_OBJC_IMPLICIT_RETAIN_SELF = YES;
				CLANG_WARN_OBJC_LITERAL_CONVERSION = YES;
				CLANG_WARN_OBJC_ROOT_CLASS = YES_ERROR;
				CLANG_WARN_QUOTED_INCLUDE_IN_FRAMEWORK_HEADER = YES;
				CLANG_WARN_RANGE_LOOP_ANALYSIS = YES;
				CLANG_WARN_STRICT_PROTOTYPES = YES;
				CLANG_WARN_SUSPICIOUS_MOVE = YES;
				CLANG_WARN_UNGUARDED_AVAILABILITY = YES_AGGRESSIVE;
				CLANG_WARN_UNREACHABLE_CODE = YES;
				CLANG_WARN__DUPLICATE_METHOD_MATCH = YES;
				COPY_PHASE_STRIP = NO;
				DEBUG_INFORMATION_FORMAT = dwarf;
				ENABLE_STRICT_OBJC_MSGSEND = YES;
				ENABLE_TESTABILITY = YES;
				GCC_C_LANGUAGE_STANDARD = gnu11;
				GCC_DYNAMIC_NO_PIC = NO;
				GCC_NO_COMMON_BLOCKS = YES;
				GCC_OPTIMIZATION_LEVEL = 0;
				GCC_PREPROCESSOR_DEFINITIONS = (
					"DEBUG=1",
					"$(inherited)",
				);
				GCC_WARN_64_TO_32_BIT_CONVERSION = YES;
				GCC_WARN_ABOUT_RETURN_TYPE = YES_ERROR;
				GCC_WARN_UNDECLARED_SELECTOR = YES;
				GCC_WARN_UNINITIALIZED_AUTOS = YES_AGGRESSIVE;
				GCC_WARN_UNUSED_FUNCTION = YES;
				GCC_WARN_UNUSED_VARIABLE = YES;
				IPHONEOS_DEPLOYMENT_TARGET = 14.2;
				MTL_ENABLE_DEBUG_INFO = INCLUDE_SOURCE;
				MTL_FAST_MATH = YES;
				ONLY_ACTIVE_ARCH = YES;
				SDKROOT = iphoneos;
				SWIFT_ACTIVE_COMPILATION_CONDITIONS = DEBUG;
				SWIFT_OPTIMIZATION_LEVEL = "-Onone";
			};
			name = Debug;
		};
		5534F2FC255EB9F600CE0350 /* Release */ = {
			isa = XCBuildConfiguration;
			buildSettings = {
				ALWAYS_SEARCH_USER_PATHS = NO;
				CLANG_ANALYZER_NONNULL = YES;
				CLANG_ANALYZER_NUMBER_OBJECT_CONVERSION = YES_AGGRESSIVE;
				CLANG_CXX_LANGUAGE_STANDARD = "gnu++14";
				CLANG_CXX_LIBRARY = "libc++";
				CLANG_ENABLE_MODULES = YES;
				CLANG_ENABLE_OBJC_ARC = YES;
				CLANG_ENABLE_OBJC_WEAK = YES;
				CLANG_WARN_BLOCK_CAPTURE_AUTORELEASING = YES;
				CLANG_WARN_BOOL_CONVERSION = YES;
				CLANG_WARN_COMMA = YES;
				CLANG_WARN_CONSTANT_CONVERSION = YES;
				CLANG_WARN_DEPRECATED_OBJC_IMPLEMENTATIONS = YES;
				CLANG_WARN_DIRECT_OBJC_ISA_USAGE = YES_ERROR;
				CLANG_WARN_DOCUMENTATION_COMMENTS = YES;
				CLANG_WARN_EMPTY_BODY = YES;
				CLANG_WARN_ENUM_CONVERSION = YES;
				CLANG_WARN_INFINITE_RECURSION = YES;
				CLANG_WARN_INT_CONVERSION = YES;
				CLANG_WARN_NON_LITERAL_NULL_CONVERSION = YES;
				CLANG_WARN_OBJC_IMPLICIT_RETAIN_SELF = YES;
				CLANG_WARN_OBJC_LITERAL_CONVERSION = YES;
				CLANG_WARN_OBJC_ROOT_CLASS = YES_ERROR;
				CLANG_WARN_QUOTED_INCLUDE_IN_FRAMEWORK_HEADER = YES;
				CLANG_WARN_RANGE_LOOP_ANALYSIS = YES;
				CLANG_WARN_STRICT_PROTOTYPES = YES;
				CLANG_WARN_SUSPICIOUS_MOVE = YES;
				CLANG_WARN_UNGUARDED_AVAILABILITY = YES_AGGRESSIVE;
				CLANG_WARN_UNREACHABLE_CODE = YES;
				CLANG_WARN__DUPLICATE_METHOD_MATCH = YES;
				COPY_PHASE_STRIP = NO;
				DEBUG_INFORMATION_FORMAT = "dwarf-with-dsym";
				ENABLE_NS_ASSERTIONS = NO;
				ENABLE_STRICT_OBJC_MSGSEND = YES;
				GCC_C_LANGUAGE_STANDARD = gnu11;
				GCC_NO_COMMON_BLOCKS = YES;
				GCC_WARN_64_TO_32_BIT_CONVERSION = YES;
				GCC_WARN_ABOUT_RETURN_TYPE = YES_ERROR;
				GCC_WARN_UNDECLARED_SELECTOR = YES;
				GCC_WARN_UNINITIALIZED_AUTOS = YES_AGGRESSIVE;
				GCC_WARN_UNUSED_FUNCTION = YES;
				GCC_WARN_UNUSED_VARIABLE = YES;
				IPHONEOS_DEPLOYMENT_TARGET = 14.2;
				MTL_ENABLE_DEBUG_INFO = NO;
				MTL_FAST_MATH = YES;
				SDKROOT = iphoneos;
				SWIFT_COMPILATION_MODE = wholemodule;
				SWIFT_OPTIMIZATION_LEVEL = "-O";
				VALIDATE_PRODUCT = YES;
			};
			name = Release;
		};
		5534F2FE255EB9F600CE0350 /* Debug */ = {
			isa = XCBuildConfiguration;
			buildSettings = {
				ASSETCATALOG_COMPILER_APPICON_NAME = AppIcon;
				ASSETCATALOG_COMPILER_GLOBAL_ACCENT_COLOR_NAME = AccentColor;
				CODE_SIGN_STYLE = Automatic;
				DEVELOPMENT_ASSET_PATHS = "\"寻觅/Preview Content\"";
				DEVELOPMENT_TEAM = FFJNMLHK32;
				ENABLE_PREVIEWS = YES;
				INFOPLIST_FILE = "寻觅/Info.plist";
				LD_RUNPATH_SEARCH_PATHS = (
					"$(inherited)",
					"@executable_path/Frameworks",
				);
				PRODUCT_BUNDLE_IDENTIFIER = com.wyq.xunmi;
				PRODUCT_NAME = "$(TARGET_NAME)";
				SWIFT_VERSION = 5.0;
				TARGETED_DEVICE_FAMILY = 1;
			};
			name = Debug;
		};
		5534F2FF255EB9F600CE0350 /* Release */ = {
			isa = XCBuildConfiguration;
			buildSettings = {
				ASSETCATALOG_COMPILER_APPICON_NAME = AppIcon;
				ASSETCATALOG_COMPILER_GLOBAL_ACCENT_COLOR_NAME = AccentColor;
				CODE_SIGN_IDENTITY = "Apple Development";
				CODE_SIGN_STYLE = Automatic;
				DEVELOPMENT_ASSET_PATHS = "\"寻觅/Preview Content\"";
				DEVELOPMENT_TEAM = "";
				ENABLE_PREVIEWS = YES;
				INFOPLIST_FILE = "寻觅/Info.plist";
				LD_RUNPATH_SEARCH_PATHS = (
					"$(inherited)",
					"@executable_path/Frameworks",
				);
				PRODUCT_BUNDLE_IDENTIFIER = com.wyq.xunmi;
				PRODUCT_NAME = "$(TARGET_NAME)";
				PROVISIONING_PROFILE_SPECIFIER = "";
				SWIFT_VERSION = 5.0;
				TARGETED_DEVICE_FAMILY = 1;
			};
			name = Release;
		};
/* End XCBuildConfiguration section */

/* Begin XCConfigurationList section */
		5534F2E4255EB9F400CE0350 /* Build configuration list for PBXProject "寻觅" */ = {
			isa = XCConfigurationList;
			buildConfigurations = (
				5534F2FB255EB9F600CE0350 /* Debug */,
				5534F2FC255EB9F600CE0350 /* Release */,
			);
			defaultConfigurationIsVisible = 0;
			defaultConfigurationName = Release;
		};
		5534F2FD255EB9F600CE0350 /* Build configuration list for PBXNativeTarget "寻觅" */ = {
			isa = XCConfigurationList;
			buildConfigurations = (
				5534F2FE255EB9F600CE0350 /* Debug */,
				5534F2FF255EB9F600CE0350 /* Release */,
			);
			defaultConfigurationIsVisible = 0;
			defaultConfigurationName = Release;
		};
/* End XCConfigurationList section */

/* Begin XCRemoteSwiftPackageReference section */
		55268E1D255F711F002A1240 /* XCRemoteSwiftPackageReference "CodeScanner" */ = {
			isa = XCRemoteSwiftPackageReference;
			repositoryURL = "https://github.com/twostraws/CodeScanner";
			requirement = {
				kind = upToNextMajorVersion;
				minimumVersion = 1.0.7;
			};
		};
		553611DF255EE69B00759F52 /* XCRemoteSwiftPackageReference "VisionCam" */ = {
			isa = XCRemoteSwiftPackageReference;
			repositoryURL = "https://github.com/stevewight/VisionCam";
			requirement = {
				kind = upToNextMajorVersion;
				minimumVersion = 0.0.1;
			};
		};
/* End XCRemoteSwiftPackageReference section */

/* Begin XCSwiftPackageProductDependency section */
		55268E1E255F711F002A1240 /* CodeScanner */ = {
			isa = XCSwiftPackageProductDependency;
			package = 55268E1D255F711F002A1240 /* XCRemoteSwiftPackageReference "CodeScanner" */;
			productName = CodeScanner;
		};
		553611E0255EE69B00759F52 /* VisionCam */ = {
			isa = XCSwiftPackageProductDependency;
			package = 553611DF255EE69B00759F52 /* XCRemoteSwiftPackageReference "VisionCam" */;
			productName = VisionCam;
		};
/* End XCSwiftPackageProductDependency section */
	};
	rootObject = 5534F2E1255EB9F400CE0350 /* Project object */;
}
